
Microsoft Visual Studio Solution File, Format Version 12.00
# Visual Studio 2013
VisualStudioVersion = 12.0.40629.0
MinimumVisualStudioVersion = 10.0.40219.1
Project("{8BC9CEB8-8B4A-11D0-8D11-00A0C91BC942}") = "USBControlF60", "USBControlF60\USBControlF60.vcxproj", "{E40DA04C-02A8-4286-A140-34736ED9ED30}"
EndProject
Project("{8BC9CEB8-8B4A-11D0-8D11-00A0C91BC942}") = "DriverDemo", "qt_demo\QtDemo.vcxproj", "{B12702AD-ABFB-343A-A199-8E24837244A3}"
EndProject
Project("{8BC9CEB8-8B4A-11D0-8D11-00A0C91BC942}") = "device", "device\device.vcxproj", "{F633DF99-BE72-4D00-8626-E383F5DF23FA}"
EndProject
Global
	GlobalSection(SolutionConfigurationPlatforms) = preSolution
		Debug|Win32 = Debug|Win32
		Debug|x64 = Debug|x64
		Release|Win32 = Release|Win32
		Release|x64 = Release|x64
	EndGlobalSection
	GlobalSection(ProjectConfigurationPlatforms) = postSolution
		{E40DA04C-02A8-4286-A140-34736ED9ED30}.Debug|Win32.ActiveCfg = Debug|Win32
		{E40DA04C-02A8-4286-A140-34736ED9ED30}.Debug|Win32.Build.0 = Debug|Win32
		{E40DA04C-02A8-4286-A140-34736ED9ED30}.Debug|x64.ActiveCfg = Debug|Win32
		{E40DA04C-02A8-4286-A140-34736ED9ED30}.Release|Win32.ActiveCfg = Release|Win32
		{E40DA04C-02A8-4286-A140-34736ED9ED30}.Release|Win32.Build.0 = Release|Win32
		{E40DA04C-02A8-4286-A140-34736ED9ED30}.Release|x64.ActiveCfg = Release|Win32
		{B12702AD-ABFB-343A-A199-8E24837244A3}.Debug|Win32.ActiveCfg = Debug|Win32
		{B12702AD-ABFB-343A-A199-8E24837244A3}.Debug|Win32.Build.0 = Debug|Win32
		{B12702AD-ABFB-343A-A199-8E24837244A3}.Debug|x64.ActiveCfg = Debug|x64
		{B12702AD-ABFB-343A-A199-8E24837244A3}.Debug|x64.Build.0 = Debug|x64
		{B12702AD-ABFB-343A-A199-8E24837244A3}.Release|Win32.ActiveCfg = Release|Win32
		{B12702AD-ABFB-343A-A199-8E24837244A3}.Release|Win32.Build.0 = Release|Win32
		{B12702AD-ABFB-343A-A199-8E24837244A3}.Release|x64.ActiveCfg = Release|x64
		{B12702AD-ABFB-343A-A199-8E24837244A3}.Release|x64.Build.0 = Release|x64
		{F633DF99-BE72-4D00-8626-E383F5DF23FA}.Debug|Win32.ActiveCfg = Debug|Win32
		{F633DF99-BE72-4D00-8626-E383F5DF23FA}.Debug|Win32.Build.0 = Debug|Win32
		{F633DF99-BE72-4D00-8626-E383F5DF23FA}.Debug|x64.ActiveCfg = Debug|x64
		{F633DF99-BE72-4D00-8626-E383F5DF23FA}.Debug|x64.Build.0 = Debug|x64
		{F633DF99-BE72-4D00-8626-E383F5DF23FA}.Release|Win32.ActiveCfg = Release|Win32
		{F633DF99-BE72-4D00-8626-E383F5DF23FA}.Release|Win32.Build.0 = Release|Win32
		{F633DF99-BE72-4D00-8626-E383F5DF23FA}.Release|x64.ActiveCfg = Release|x64
		{F633DF99-BE72-4D00-8626-E383F5DF23FA}.Release|x64.Build.0 = Release|x64
	EndGlobalSection
	GlobalSection(SolutionProperties) = preSolution
		HideSolutionNode = FALSE
	EndGlobalSection
EndGlobal
