
Microsoft Visual Studio Solution File, Format Version 12.00
# Visual Studio 2013
VisualStudioVersion = 12.0.21005.1
MinimumVisualStudioVersion = 10.0.40219.1
Project("{8BC9CEB8-8B4A-11D0-8D11-00A0C91BC942}") = "TestPSBC", "TestPSBC\TestPSBC.vcxproj", "{36E6F770-5F39-4E0C-90FA-CF7C10ABC6DC}"
	ProjectSection(ProjectDependencies) = postProject
		{6F4ACBBC-1E9E-42A9-A88F-A5BEA91E5544} = {6F4ACBBC-1E9E-42A9-A88F-A5BEA91E5544}
	EndProjectSection
EndProject
Project("{8BC9CEB8-8B4A-11D0-8D11-00A0C91BC942}") = "PSBC_STAMP", "..\PSBC_STAMP\PSBC_STAMP.vcxproj", "{6F4ACBBC-1E9E-42A9-A88F-A5BEA91E5544}"
EndProject
Project("{8BC9CEB8-8B4A-11D0-8D11-00A0C91BC942}") = "USBControlF60", "..\..\..\..\USBControlF60_2.4\USBControlF60\USBControlF60.vcxproj", "{E40DA04C-02A8-4286-A140-34736ED9ED30}"
EndProject
Global
	GlobalSection(SolutionConfigurationPlatforms) = preSolution
		Debug|Win32 = Debug|Win32
		Release|Win32 = Release|Win32
	EndGlobalSection
	GlobalSection(ProjectConfigurationPlatforms) = postSolution
		{36E6F770-5F39-4E0C-90FA-CF7C10ABC6DC}.Debug|Win32.ActiveCfg = Debug|Win32
		{36E6F770-5F39-4E0C-90FA-CF7C10ABC6DC}.Debug|Win32.Build.0 = Debug|Win32
		{36E6F770-5F39-4E0C-90FA-CF7C10ABC6DC}.Release|Win32.ActiveCfg = Release|Win32
		{36E6F770-5F39-4E0C-90FA-CF7C10ABC6DC}.Release|Win32.Build.0 = Release|Win32
		{6F4ACBBC-1E9E-42A9-A88F-A5BEA91E5544}.Debug|Win32.ActiveCfg = Debug|Win32
		{6F4ACBBC-1E9E-42A9-A88F-A5BEA91E5544}.Debug|Win32.Build.0 = Debug|Win32
		{6F4ACBBC-1E9E-42A9-A88F-A5BEA91E5544}.Release|Win32.ActiveCfg = Release|Win32
		{6F4ACBBC-1E9E-42A9-A88F-A5BEA91E5544}.Release|Win32.Build.0 = Release|Win32
		{E40DA04C-02A8-4286-A140-34736ED9ED30}.Debug|Win32.ActiveCfg = Debug|Win32
		{E40DA04C-02A8-4286-A140-34736ED9ED30}.Debug|Win32.Build.0 = Debug|Win32
		{E40DA04C-02A8-4286-A140-34736ED9ED30}.Release|Win32.ActiveCfg = Release|Win32
		{E40DA04C-02A8-4286-A140-34736ED9ED30}.Release|Win32.Build.0 = Release|Win32
	EndGlobalSection
	GlobalSection(SolutionProperties) = preSolution
		HideSolutionNode = FALSE
	EndGlobalSection
EndGlobal
